
Microsoft Visual Studio Solution File, Format Version 12.00
# Visual Studio Version 16
VisualStudioVersion = 16.0.29806.167
MinimumVisualStudioVersion = 10.0.40219.1
Project("{FAE04EC0-301F-11D3-BF4B-00C04F79EFBC}") = "TestXamarin.UWP", "TestXamarin\TestXamarin.UWP\TestXamarin.UWP.csproj", "{2D277916-8ED6-49A3-9979-106BFDB39E97}"
EndProject
Project("{FAE04EC0-301F-11D3-BF4B-00C04F79EFBC}") = "TestXamarin.Android", "TestXamarin\TestXamarin.Android\TestXamarin.Android.csproj", "{305F7CB7-67FC-45AC-874F-E179C0E90FB9}"
EndProject
Project("{FAE04EC0-301F-11D3-BF4B-00C04F79EFBC}") = "TestXamarin.iOS", "TestXamarin\TestXamarin.iOS\TestXamarin.iOS.csproj", "{C20CA36F-C5AA-46EB-9E1B-42FB00AF7F37}"
EndProject
Project("{FAE04EC0-301F-11D3-BF4B-00C04F79EFBC}") = "TestXamarin", "TestXamarin\TestXamarin\TestXamarin.csproj", "{F41277D7-0E20-4210-8905-442DE8EA3BBC}"
EndProject
Global
	GlobalSection(SolutionConfigurationPlatforms) = preSolution
		Debug|Any CPU = Debug|Any CPU
		Debug|ARM = Debug|ARM
		Debug|iPhone = Debug|iPhone
		Debug|iPhoneSimulator = Debug|iPhoneSimulator
		Debug|x64 = Debug|x64
		Debug|x86 = Debug|x86
		Release|Any CPU = Release|Any CPU
		Release|ARM = Release|ARM
		Release|iPhone = Release|iPhone
		Release|iPhoneSimulator = Release|iPhoneSimulator
		Release|x64 = Release|x64
		Release|x86 = Release|x86
	EndGlobalSection
	GlobalSection(ProjectConfigurationPlatforms) = postSolution
		{2D277916-8ED6-49A3-9979-106BFDB39E97}.Debug|Any CPU.ActiveCfg = Debug|x86
		{2D277916-8ED6-49A3-9979-106BFDB39E97}.Debug|Any CPU.Build.0 = Debug|x86
		{2D277916-8ED6-49A3-9979-106BFDB39E97}.Debug|Any CPU.Deploy.0 = Debug|x86
		{2D277916-8ED6-49A3-9979-106BFDB39E97}.Debug|ARM.ActiveCfg = Debug|ARM
		{2D277916-8ED6-49A3-9979-106BFDB39E97}.Debug|ARM.Build.0 = Debug|ARM
		{2D277916-8ED6-49A3-9979-106BFDB39E97}.Debug|ARM.Deploy.0 = Debug|ARM
		{2D277916-8ED6-49A3-9979-106BFDB39E97}.Debug|iPhone.ActiveCfg = Debug|x86
		{2D277916-8ED6-49A3-9979-106BFDB39E97}.Debug|iPhone.Build.0 = Debug|x86
		{2D277916-8ED6-49A3-9979-106BFDB39E97}.Debug|iPhone.Deploy.0 = Debug|x86
		{2D277916-8ED6-49A3-9979-106BFDB39E97}.Debug|iPhoneSimulator.ActiveCfg = Debug|x86
		{2D277916-8ED6-49A3-9979-106BFDB39E97}.Debug|iPhoneSimulator.Build.0 = Debug|x86
		{2D277916-8ED6-49A3-9979-106BFDB39E97}.Debug|iPhoneSimulator.Deploy.0 = Debug|x86
		{2D277916-8ED6-49A3-9979-106BFDB39E97}.Debug|x64.ActiveCfg = Debug|x64
		{2D277916-8ED6-49A3-9979-106BFDB39E97}.Debug|x64.Build.0 = Debug|x64
		{2D277916-8ED6-49A3-9979-106BFDB39E97}.Debug|x64.Deploy.0 = Debug|x64
		{2D277916-8ED6-49A3-9979-106BFDB39E97}.Debug|x86.ActiveCfg = Debug|x86
		{2D277916-8ED6-49A3-9979-106BFDB39E97}.Debug|x86.Build.0 = Debug|x86
		{2D277916-8ED6-49A3-9979-106BFDB39E97}.Debug|x86.Deploy.0 = Debug|x86
		{2D277916-8ED6-49A3-9979-106BFDB39E97}.Release|Any CPU.ActiveCfg = Release|x86
		{2D277916-8ED6-49A3-9979-106BFDB39E97}.Release|Any CPU.Build.0 = Release|x86
		{2D277916-8ED6-49A3-9979-106BFDB39E97}.Release|Any CPU.Deploy.0 = Release|x86
		{2D277916-8ED6-49A3-9979-106BFDB39E97}.Release|ARM.ActiveCfg = Release|ARM
		{2D277916-8ED6-49A3-9979-106BFDB39E97}.Release|ARM.Build.0 = Release|ARM
		{2D277916-8ED6-49A3-9979-106BFDB39E97}.Release|ARM.Deploy.0 = Release|ARM
		{2D277916-8ED6-49A3-9979-106BFDB39E97}.Release|iPhone.ActiveCfg = Release|x86
		{2D277916-8ED6-49A3-9979-106BFDB39E97}.Release|iPhone.Build.0 = Release|x86
		{2D277916-8ED6-49A3-9979-106BFDB39E97}.Release|iPhone.Deploy.0 = Release|x86
		{2D277916-8ED6-49A3-9979-106BFDB39E97}.Release|iPhoneSimulator.ActiveCfg = Release|x86
		{2D277916-8ED6-49A3-9979-106BFDB39E97}.Release|iPhoneSimulator.Build.0 = Release|x86
		{2D277916-8ED6-49A3-9979-106BFDB39E97}.Release|iPhoneSimulator.Deploy.0 = Release|x86
		{2D277916-8ED6-49A3-9979-106BFDB39E97}.Release|x64.ActiveCfg = Release|x64
		{2D277916-8ED6-49A3-9979-106BFDB39E97}.Release|x64.Build.0 = Release|x64
		{2D277916-8ED6-49A3-9979-106BFDB39E97}.Release|x64.Deploy.0 = Release|x64
		{2D277916-8ED6-49A3-9979-106BFDB39E97}.Release|x86.ActiveCfg = Release|x86
		{2D277916-8ED6-49A3-9979-106BFDB39E97}.Release|x86.Build.0 = Release|x86
		{2D277916-8ED6-49A3-9979-106BFDB39E97}.Release|x86.Deploy.0 = Release|x86
		{305F7CB7-67FC-45AC-874F-E179C0E90FB9}.Debug|Any CPU.ActiveCfg = Debug|Any CPU
		{305F7CB7-67FC-45AC-874F-E179C0E90FB9}.Debug|Any CPU.Build.0 = Debug|Any CPU
		{305F7CB7-67FC-45AC-874F-E179C0E90FB9}.Debug|Any CPU.Deploy.0 = Debug|Any CPU
		{305F7CB7-67FC-45AC-874F-E179C0E90FB9}.Debug|ARM.ActiveCfg = Debug|Any CPU
		{305F7CB7-67FC-45AC-874F-E179C0E90FB9}.Debug|ARM.Build.0 = Debug|Any CPU
		{305F7CB7-67FC-45AC-874F-E179C0E90FB9}.Debug|ARM.Deploy.0 = Debug|Any CPU
		{305F7CB7-67FC-45AC-874F-E179C0E90FB9}.Debug|iPhone.ActiveCfg = Debug|Any CPU
		{305F7CB7-67FC-45AC-874F-E179C0E90FB9}.Debug|iPhone.Build.0 = Debug|Any CPU
		{305F7CB7-67FC-45AC-874F-E179C0E90FB9}.Debug|iPhone.Deploy.0 = Debug|Any CPU
		{305F7CB7-67FC-45AC-874F-E179C0E90FB9}.Debug|iPhoneSimulator.ActiveCfg = Debug|Any CPU
		{305F7CB7-67FC-45AC-874F-E179C0E90FB9}.Debug|iPhoneSimulator.Build.0 = Debug|Any CPU
		{305F7CB7-67FC-45AC-874F-E179C0E90FB9}.Debug|iPhoneSimulator.Deploy.0 = Debug|Any CPU
		{305F7CB7-67FC-45AC-874F-E179C0E90FB9}.Debug|x64.ActiveCfg = Debug|Any CPU
		{305F7CB7-67FC-45AC-874F-E179C0E90FB9}.Debug|x64.Build.0 = Debug|Any CPU
		{305F7CB7-67FC-45AC-874F-E179C0E90FB9}.Debug|x64.Deploy.0 = Debug|Any CPU
		{305F7CB7-67FC-45AC-874F-E179C0E90FB9}.Debug|x86.ActiveCfg = Debug|Any CPU
		{305F7CB7-67FC-45AC-874F-E179C0E90FB9}.Debug|x86.Build.0 = Debug|Any CPU
		{305F7CB7-67FC-45AC-874F-E179C0E90FB9}.Debug|x86.Deploy.0 = Debug|Any CPU
		{305F7CB7-67FC-45AC-874F-E179C0E90FB9}.Release|Any CPU.ActiveCfg = Release|Any CPU
		{305F7CB7-67FC-45AC-874F-E179C0E90FB9}.Release|Any CPU.Build.0 = Release|Any CPU
		{305F7CB7-67FC-45AC-874F-E179C0E90FB9}.Release|Any CPU.Deploy.0 = Release|Any CPU
		{305F7CB7-67FC-45AC-874F-E179C0E90FB9}.Release|ARM.ActiveCfg = Release|Any CPU
		{305F7CB7-67FC-45AC-874F-E179C0E90FB9}.Release|ARM.Build.0 = Release|Any CPU
		{305F7CB7-67FC-45AC-874F-E179C0E90FB9}.Release|ARM.Deploy.0 = Release|Any CPU
		{305F7CB7-67FC-45AC-874F-E179C0E90FB9}.Release|iPhone.ActiveCfg = Release|Any CPU
		{305F7CB7-67FC-45AC-874F-E179C0E90FB9}.Release|iPhone.Build.0 = Release|Any CPU
		{305F7CB7-67FC-45AC-874F-E179C0E90FB9}.Release|iPhone.Deploy.0 = Release|Any CPU
		{305F7CB7-67FC-45AC-874F-E179C0E90FB9}.Release|iPhoneSimulator.ActiveCfg = Release|Any CPU
		{305F7CB7-67FC-45AC-874F-E179C0E90FB9}.Release|iPhoneSimulator.Build.0 = Release|Any CPU
		{305F7CB7-67FC-45AC-874F-E179C0E90FB9}.Release|iPhoneSimulator.Deploy.0 = Release|Any CPU
		{305F7CB7-67FC-45AC-874F-E179C0E90FB9}.Release|x64.ActiveCfg = Release|Any CPU
		{305F7CB7-67FC-45AC-874F-E179C0E90FB9}.Release|x64.Build.0 = Release|Any CPU
		{305F7CB7-67FC-45AC-874F-E179C0E90FB9}.Release|x64.Deploy.0 = Release|Any CPU
		{305F7CB7-67FC-45AC-874F-E179C0E90FB9}.Release|x86.ActiveCfg = Release|Any CPU
		{305F7CB7-67FC-45AC-874F-E179C0E90FB9}.Release|x86.Build.0 = Release|Any CPU
		{305F7CB7-67FC-45AC-874F-E179C0E90FB9}.Release|x86.Deploy.0 = Release|Any CPU
		{C20CA36F-C5AA-46EB-9E1B-42FB00AF7F37}.Debug|Any CPU.ActiveCfg = Debug|iPhone
		{C20CA36F-C5AA-46EB-9E1B-42FB00AF7F37}.Debug|Any CPU.Build.0 = Debug|iPhone
		{C20CA36F-C5AA-46EB-9E1B-42FB00AF7F37}.Debug|Any CPU.Deploy.0 = Debug|iPhone
		{C20CA36F-C5AA-46EB-9E1B-42FB00AF7F37}.Debug|ARM.ActiveCfg = Debug|iPhoneSimulator
		{C20CA36F-C5AA-46EB-9E1B-42FB00AF7F37}.Debug|ARM.Build.0 = Debug|iPhoneSimulator
		{C20CA36F-C5AA-46EB-9E1B-42FB00AF7F37}.Debug|ARM.Deploy.0 = Debug|iPhoneSimulator
		{C20CA36F-C5AA-46EB-9E1B-42FB00AF7F37}.Debug|iPhone.ActiveCfg = Debug|iPhone
		{C20CA36F-C5AA-46EB-9E1B-42FB00AF7F37}.Debug|iPhone.Build.0 = Debug|iPhone
		{C20CA36F-C5AA-46EB-9E1B-42FB00AF7F37}.Debug|iPhone.Deploy.0 = Debug|iPhone
		{C20CA36F-C5AA-46EB-9E1B-42FB00AF7F37}.Debug|iPhoneSimulator.ActiveCfg = Debug|iPhoneSimulator
		{C20CA36F-C5AA-46EB-9E1B-42FB00AF7F37}.Debug|iPhoneSimulator.Build.0 = Debug|iPhoneSimulator
		{C20CA36F-C5AA-46EB-9E1B-42FB00AF7F37}.Debug|iPhoneSimulator.Deploy.0 = Debug|iPhoneSimulator
		{C20CA36F-C5AA-46EB-9E1B-42FB00AF7F37}.Debug|x64.ActiveCfg = Debug|iPhone
		{C20CA36F-C5AA-46EB-9E1B-42FB00AF7F37}.Debug|x64.Build.0 = Debug|iPhone
		{C20CA36F-C5AA-46EB-9E1B-42FB00AF7F37}.Debug|x64.Deploy.0 = Debug|iPhone
		{C20CA36F-C5AA-46EB-9E1B-42FB00AF7F37}.Debug|x86.ActiveCfg = Debug|iPhone
		{C20CA36F-C5AA-46EB-9E1B-42FB00AF7F37}.Debug|x86.Build.0 = Debug|iPhone
		{C20CA36F-C5AA-46EB-9E1B-42FB00AF7F37}.Debug|x86.Deploy.0 = Debug|iPhone
		{C20CA36F-C5AA-46EB-9E1B-42FB00AF7F37}.Release|Any CPU.ActiveCfg = Release|iPhone
		{C20CA36F-C5AA-46EB-9E1B-42FB00AF7F37}.Release|Any CPU.Build.0 = Release|iPhone
		{C20CA36F-C5AA-46EB-9E1B-42FB00AF7F37}.Release|Any CPU.Deploy.0 = Release|iPhone
		{C20CA36F-C5AA-46EB-9E1B-42FB00AF7F37}.Release|ARM.ActiveCfg = Release|iPhone
		{C20CA36F-C5AA-46EB-9E1B-42FB00AF7F37}.Release|ARM.Build.0 = Release|iPhone
		{C20CA36F-C5AA-46EB-9E1B-42FB00AF7F37}.Release|ARM.Deploy.0 = Release|iPhone
		{C20CA36F-C5AA-46EB-9E1B-42FB00AF7F37}.Release|iPhone.ActiveCfg = Release|iPhone
		{C20CA36F-C5AA-46EB-9E1B-42FB00AF7F37}.Release|iPhone.Build.0 = Release|iPhone
		{C20CA36F-C5AA-46EB-9E1B-42FB00AF7F37}.Release|iPhone.Deploy.0 = Release|iPhone
		{C20CA36F-C5AA-46EB-9E1B-42FB00AF7F37}.Release|iPhoneSimulator.ActiveCfg = Release|iPhoneSimulator
		{C20CA36F-C5AA-46EB-9E1B-42FB00AF7F37}.Release|iPhoneSimulator.Build.0 = Release|iPhoneSimulator
		{C20CA36F-C5AA-46EB-9E1B-42FB00AF7F37}.Release|iPhoneSimulator.Deploy.0 = Release|iPhoneSimulator
		{C20CA36F-C5AA-46EB-9E1B-42FB00AF7F37}.Release|x64.ActiveCfg = Release|iPhone
		{C20CA36F-C5AA-46EB-9E1B-42FB00AF7F37}.Release|x64.Build.0 = Release|iPhone
		{C20CA36F-C5AA-46EB-9E1B-42FB00AF7F37}.Release|x64.Deploy.0 = Release|iPhone
		{C20CA36F-C5AA-46EB-9E1B-42FB00AF7F37}.Release|x86.ActiveCfg = Release|iPhone
		{C20CA36F-C5AA-46EB-9E1B-42FB00AF7F37}.Release|x86.Build.0 = Release|iPhone
		{C20CA36F-C5AA-46EB-9E1B-42FB00AF7F37}.Release|x86.Deploy.0 = Release|iPhone
		{F41277D7-0E20-4210-8905-442DE8EA3BBC}.Debug|Any CPU.ActiveCfg = Debug|Any CPU
		{F41277D7-0E20-4210-8905-442DE8EA3BBC}.Debug|Any CPU.Build.0 = Debug|Any CPU
		{F41277D7-0E20-4210-8905-442DE8EA3BBC}.Debug|Any CPU.Deploy.0 = Debug|Any CPU
		{F41277D7-0E20-4210-8905-442DE8EA3BBC}.Debug|ARM.ActiveCfg = Debug|Any CPU
		{F41277D7-0E20-4210-8905-442DE8EA3BBC}.Debug|ARM.Build.0 = Debug|Any CPU
		{F41277D7-0E20-4210-8905-442DE8EA3BBC}.Debug|ARM.Deploy.0 = Debug|Any CPU
		{F41277D7-0E20-4210-8905-442DE8EA3BBC}.Debug|iPhone.ActiveCfg = Debug|Any CPU
		{F41277D7-0E20-4210-8905-442DE8EA3BBC}.Debug|iPhone.Build.0 = Debug|Any CPU
		{F41277D7-0E20-4210-8905-442DE8EA3BBC}.Debug|iPhone.Deploy.0 = Debug|Any CPU
		{F41277D7-0E20-4210-8905-442DE8EA3BBC}.Debug|iPhoneSimulator.ActiveCfg = Debug|Any CPU
		{F41277D7-0E20-4210-8905-442DE8EA3BBC}.Debug|iPhoneSimulator.Build.0 = Debug|Any CPU
		{F41277D7-0E20-4210-8905-442DE8EA3BBC}.Debug|iPhoneSimulator.Deploy.0 = Debug|Any CPU
		{F41277D7-0E20-4210-8905-442DE8EA3BBC}.Debug|x64.ActiveCfg = Debug|Any CPU
		{F41277D7-0E20-4210-8905-442DE8EA3BBC}.Debug|x64.Build.0 = Debug|Any CPU
		{F41277D7-0E20-4210-8905-442DE8EA3BBC}.Debug|x64.Deploy.0 = Debug|Any CPU
		{F41277D7-0E20-4210-8905-442DE8EA3BBC}.Debug|x86.ActiveCfg = Debug|Any CPU
		{F41277D7-0E20-4210-8905-442DE8EA3BBC}.Debug|x86.Build.0 = Debug|Any CPU
		{F41277D7-0E20-4210-8905-442DE8EA3BBC}.Debug|x86.Deploy.0 = Debug|Any CPU
		{F41277D7-0E20-4210-8905-442DE8EA3BBC}.Release|Any CPU.ActiveCfg = Release|Any CPU
		{F41277D7-0E20-4210-8905-442DE8EA3BBC}.Release|Any CPU.Build.0 = Release|Any CPU
		{F41277D7-0E20-4210-8905-442DE8EA3BBC}.Release|Any CPU.Deploy.0 = Release|Any CPU
		{F41277D7-0E20-4210-8905-442DE8EA3BBC}.Release|ARM.ActiveCfg = Release|Any CPU
		{F41277D7-0E20-4210-8905-442DE8EA3BBC}.Release|ARM.Build.0 = Release|Any CPU
		{F41277D7-0E20-4210-8905-442DE8EA3BBC}.Release|ARM.Deploy.0 = Release|Any CPU
		{F41277D7-0E20-4210-8905-442DE8EA3BBC}.Release|iPhone.ActiveCfg = Release|Any CPU
		{F41277D7-0E20-4210-8905-442DE8EA3BBC}.Release|iPhone.Build.0 = Release|Any CPU
		{F41277D7-0E20-4210-8905-442DE8EA3BBC}.Release|iPhone.Deploy.0 = Release|Any CPU
		{F41277D7-0E20-4210-8905-442DE8EA3BBC}.Release|iPhoneSimulator.ActiveCfg = Release|Any CPU
		{F41277D7-0E20-4210-8905-442DE8EA3BBC}.Release|iPhoneSimulator.Build.0 = Release|Any CPU
		{F41277D7-0E20-4210-8905-442DE8EA3BBC}.Release|iPhoneSimulator.Deploy.0 = Release|Any CPU
		{F41277D7-0E20-4210-8905-442DE8EA3BBC}.Release|x64.ActiveCfg = Release|Any CPU
		{F41277D7-0E20-4210-8905-442DE8EA3BBC}.Release|x64.Build.0 = Release|Any CPU
		{F41277D7-0E20-4210-8905-442DE8EA3BBC}.Release|x64.Deploy.0 = Release|Any CPU
		{F41277D7-0E20-4210-8905-442DE8EA3BBC}.Release|x86.ActiveCfg = Release|Any CPU
		{F41277D7-0E20-4210-8905-442DE8EA3BBC}.Release|x86.Build.0 = Release|Any CPU
		{F41277D7-0E20-4210-8905-442DE8EA3BBC}.Release|x86.Deploy.0 = Release|Any CPU
	EndGlobalSection
	GlobalSection(SolutionProperties) = preSolution
		HideSolutionNode = FALSE
	EndGlobalSection
	GlobalSection(ExtensibilityGlobals) = postSolution
		SolutionGuid = {93A212A9-3083-45CD-8F1F-77988557B0AF}
	EndGlobalSection
EndGlobal
